
Microsoft Visual Studio Solution File, Format Version 12.00
# Visual Studio 2015
Project("{FAE04EC0-301F-11D3-BF4B-00C04F79EFBC}") = "ASIFA-AR", "ASIFA-AR.csproj", "{2DB68938-F2BC-E42D-7E97-60D5D8288E29}"
EndProject
Project("{FAE04EC0-301F-11D3-BF4B-00C04F79EFBC}") = "ASIFA-AR.Editor", "ASIFA-AR.Editor.csproj", "{02E6E9C3-B4C5-B3AA-6F2C-849E4CA19094}"
EndProject
Global
	GlobalSection(SolutionConfigurationPlatforms) = preSolution
		Debug|Any CPU = Debug|Any CPU
		Release|Any CPU = Release|Any CPU
	EndGlobalSection
	GlobalSection(ProjectConfigurationPlatforms) = postSolution
		{2DB68938-F2BC-E42D-7E97-60D5D8288E29}.Debug|Any CPU.ActiveCfg = Debug|Any CPU
		{2DB68938-F2BC-E42D-7E97-60D5D8288E29}.Debug|Any CPU.Build.0 = Debug|Any CPU
		{2DB68938-F2BC-E42D-7E97-60D5D8288E29}.Release|Any CPU.ActiveCfg = Release|Any CPU
		{2DB68938-F2BC-E42D-7E97-60D5D8288E29}.Release|Any CPU.Build.0 = Release|Any CPU
		{02E6E9C3-B4C5-B3AA-6F2C-849E4CA19094}.Debug|Any CPU.ActiveCfg = Debug|Any CPU
		{02E6E9C3-B4C5-B3AA-6F2C-849E4CA19094}.Debug|Any CPU.Build.0 = Debug|Any CPU
		{02E6E9C3-B4C5-B3AA-6F2C-849E4CA19094}.Release|Any CPU.ActiveCfg = Release|Any CPU
		{02E6E9C3-B4C5-B3AA-6F2C-849E4CA19094}.Release|Any CPU.Build.0 = Release|Any CPU
	EndGlobalSection
	GlobalSection(SolutionProperties) = preSolution
		HideSolutionNode = FALSE
	EndGlobalSection
EndGlobal
